// !$*UTF8*$!
{
	archiveVersion = 1;
	classes = {
	};
	objectVersion = 50;
	objects = {

/* Begin PBXBuildFile section */
		802D210220B2D23D0062EE98 /* SegueFromLeft.swift in Sources */ = {isa = PBXBuildFile; fileRef = 802D210120B2D23D0062EE98 /* SegueFromLeft.swift */; };
		80586493209C624E00A61882 /* PageCellCollectionViewCell.swift in Sources */ = {isa = PBXBuildFile; fileRef = 80586492209C624E00A61882 /* PageCellCollectionViewCell.swift */; };
		805D5632209DCCCF00ECDF11 /* Page.swift in Sources */ = {isa = PBXBuildFile; fileRef = 805D5631209DCCCF00ECDF11 /* Page.swift */; };
		80962CA620A35030001A7BE1 /* NewsViewController.swift in Sources */ = {isa = PBXBuildFile; fileRef = 80962CA520A35030001A7BE1 /* NewsViewController.swift */; };
		80AA5C7520A45AD60082265E /* NewsCardModel.swift in Sources */ = {isa = PBXBuildFile; fileRef = 80AA5C7420A45AD60082265E /* NewsCardModel.swift */; };
		80ACC8C82093635D000E16C1 /* AppDelegate.swift in Sources */ = {isa = PBXBuildFile; fileRef = 80ACC8C72093635D000E16C1 /* AppDelegate.swift */; };
		80ACC8CA2093635D000E16C1 /* OnboardingViewController.swift in Sources */ = {isa = PBXBuildFile; fileRef = 80ACC8C92093635D000E16C1 /* OnboardingViewController.swift */; };
		80ACC8CD2093635E000E16C1 /* Main.storyboard in Resources */ = {isa = PBXBuildFile; fileRef = 80ACC8CB2093635E000E16C1 /* Main.storyboard */; };
		80ACC8CF20936363000E16C1 /* Assets.xcassets in Resources */ = {isa = PBXBuildFile; fileRef = 80ACC8CE20936363000E16C1 /* Assets.xcassets */; };
		80ACC8D220936363000E16C1 /* LaunchScreen.storyboard in Resources */ = {isa = PBXBuildFile; fileRef = 80ACC8D020936363000E16C1 /* LaunchScreen.storyboard */; };
/* End PBXBuildFile section */

/* Begin PBXFileReference section */
		802D210120B2D23D0062EE98 /* SegueFromLeft.swift */ = {isa = PBXFileReference; lastKnownFileType = sourcecode.swift; path = SegueFromLeft.swift; sourceTree = "<group>"; };
		80586492209C624E00A61882 /* PageCellCollectionViewCell.swift */ = {isa = PBXFileReference; lastKnownFileType = sourcecode.swift; path = PageCellCollectionViewCell.swift; sourceTree = "<group>"; };
		805D5631209DCCCF00ECDF11 /* Page.swift */ = {isa = PBXFileReference; lastKnownFileType = sourcecode.swift; path = Page.swift; sourceTree = "<group>"; };
		80962CA520A35030001A7BE1 /* NewsViewController.swift */ = {isa = PBXFileReference; lastKnownFileType = sourcecode.swift; path = NewsViewController.swift; sourceTree = "<group>"; };
		80AA5C7420A45AD60082265E /* NewsCardModel.swift */ = {isa = PBXFileReference; lastKnownFileType = sourcecode.swift; path = NewsCardModel.swift; sourceTree = "<group>"; };
		80ACC8C42093635D000E16C1 /* Tnews.app */ = {isa = PBXFileReference; explicitFileType = wrapper.application; includeInIndex = 0; path = Tnews.app; sourceTree = BUILT_PRODUCTS_DIR; };
		80ACC8C72093635D000E16C1 /* AppDelegate.swift */ = {isa = PBXFileReference; lastKnownFileType = sourcecode.swift; path = AppDelegate.swift; sourceTree = "<group>"; };
		80ACC8C92093635D000E16C1 /* OnboardingViewController.swift */ = {isa = PBXFileReference; lastKnownFileType = sourcecode.swift; path = OnboardingViewController.swift; sourceTree = "<group>"; };
		80ACC8CC2093635E000E16C1 /* Base */ = {isa = PBXFileReference; lastKnownFileType = file.storyboard; name = Base; path = Base.lproj/Main.storyboard; sourceTree = "<group>"; };
		80ACC8CE20936363000E16C1 /* Assets.xcassets */ = {isa = PBXFileReference; lastKnownFileType = folder.assetcatalog; path = Assets.xcassets; sourceTree = "<group>"; };
		80ACC8D120936363000E16C1 /* Base */ = {isa = PBXFileReference; lastKnownFileType = file.storyboard; name = Base; path = Base.lproj/LaunchScreen.storyboard; sourceTree = "<group>"; };
		80ACC8D320936363000E16C1 /* Info.plist */ = {isa = PBXFileReference; lastKnownFileType = text.plist.xml; path = Info.plist; sourceTree = "<group>"; };
/* End PBXFileReference section */

/* Begin PBXFrameworksBuildPhase section */
		80ACC8C12093635D000E16C1 /* Frameworks */ = {
			isa = PBXFrameworksBuildPhase;
			buildActionMask = 2147483647;
			files = (
			);
			runOnlyForDeploymentPostprocessing = 0;
		};
/* End PBXFrameworksBuildPhase section */

/* Begin PBXGroup section */
		8070923320B08E4F00666281 /* Models */ = {
			isa = PBXGroup;
			children = (
				805D5631209DCCCF00ECDF11 /* Page.swift */,
				80AA5C7420A45AD60082265E /* NewsCardModel.swift */,
			);
			path = Models;
			sourceTree = "<group>";
		};
		8070923420B08E5C00666281 /* Controllers */ = {
			isa = PBXGroup;
			children = (
				80962CA520A35030001A7BE1 /* NewsViewController.swift */,
				80ACC8C92093635D000E16C1 /* OnboardingViewController.swift */,
			);
			path = Controllers;
			sourceTree = "<group>";
		};
		8070923520B08E8F00666281 /* SupportingFiles */ = {
			isa = PBXGroup;
			children = (
				80ACC8CE20936363000E16C1 /* Assets.xcassets */,
				80ACC8D020936363000E16C1 /* LaunchScreen.storyboard */,
				80ACC8C72093635D000E16C1 /* AppDelegate.swift */,
				80ACC8CB2093635E000E16C1 /* Main.storyboard */,
				802D210120B2D23D0062EE98 /* SegueFromLeft.swift */,
			);
			path = SupportingFiles;
			sourceTree = "<group>";
		};
		8070923620B08EC700666281 /* Views */ = {
			isa = PBXGroup;
			children = (
				80586492209C624E00A61882 /* PageCellCollectionViewCell.swift */,
			);
			path = Views;
			sourceTree = "<group>";
		};
		80ACC8BB2093635D000E16C1 = {
			isa = PBXGroup;
			children = (
				80ACC8C62093635D000E16C1 /* Tnews */,
				8070923520B08E8F00666281 /* SupportingFiles */,
				80ACC8C52093635D000E16C1 /* Products */,
			);
			sourceTree = "<group>";
		};
		80ACC8C52093635D000E16C1 /* Products */ = {
			isa = PBXGroup;
			children = (
				80ACC8C42093635D000E16C1 /* Tnews.app */,
			);
			name = Products;
			sourceTree = "<group>";
		};
		80ACC8C62093635D000E16C1 /* Tnews */ = {
			isa = PBXGroup;
			children = (
				8070923420B08E5C00666281 /* Controllers */,
				8070923620B08EC700666281 /* Views */,
				8070923320B08E4F00666281 /* Models */,
				80ACC8D320936363000E16C1 /* Info.plist */,
			);
			path = Tnews;
			sourceTree = "<group>";
		};
/* End PBXGroup section */

/* Begin PBXNativeTarget section */
		80ACC8C32093635D000E16C1 /* Tnews */ = {
			isa = PBXNativeTarget;
			buildConfigurationList = 80ACC8D620936363000E16C1 /* Build configuration list for PBXNativeTarget "Tnews" */;
			buildPhases = (
				80ACC8C02093635D000E16C1 /* Sources */,
				80ACC8C12093635D000E16C1 /* Frameworks */,
				80ACC8C22093635D000E16C1 /* Resources */,
			);
			buildRules = (
			);
			dependencies = (
			);
			name = Tnews;
			productName = Tnews;
			productReference = 80ACC8C42093635D000E16C1 /* Tnews.app */;
			productType = "com.apple.product-type.application";
		};
/* End PBXNativeTarget section */

/* Begin PBXProject section */
		80ACC8BC2093635D000E16C1 /* Project object */ = {
			isa = PBXProject;
			attributes = {
				LastSwiftUpdateCheck = 0930;
				LastUpgradeCheck = 0930;
				ORGANIZATIONNAME = sriram;
				TargetAttributes = {
					80ACC8C32093635D000E16C1 = {
						CreatedOnToolsVersion = 9.3;
					};
				};
			};
			buildConfigurationList = 80ACC8BF2093635D000E16C1 /* Build configuration list for PBXProject "Tnews" */;
			compatibilityVersion = "Xcode 9.3";
			developmentRegion = en;
			hasScannedForEncodings = 0;
			knownRegions = (
				en,
				Base,
			);
			mainGroup = 80ACC8BB2093635D000E16C1;
			productRefGroup = 80ACC8C52093635D000E16C1 /* Products */;
			projectDirPath = "";
			projectRoot = "";
			targets = (
				80ACC8C32093635D000E16C1 /* Tnews */,
			);
		};
/* End PBXProject section */

/* Begin PBXResourcesBuildPhase section */
		80ACC8C22093635D000E16C1 /* Resources */ = {
			isa = PBXResourcesBuildPhase;
			buildActionMask = 2147483647;
			files = (
				80ACC8D220936363000E16C1 /* LaunchScreen.storyboard in Resources */,
				80ACC8CF20936363000E16C1 /* Assets.xcassets in Resources */,
				80ACC8CD2093635E000E16C1 /* Main.storyboard in Resources */,
			);
			runOnlyForDeploymentPostprocessing = 0;
		};
/* End PBXResourcesBuildPhase section */

/* Begin PBXSourcesBuildPhase section */
		80ACC8C02093635D000E16C1 /* Sources */ = {
			isa = PBXSourcesBuildPhase;
			buildActionMask = 2147483647;
			files = (
				80ACC8CA2093635D000E16C1 /* OnboardingViewController.swift in Sources */,
				80ACC8C82093635D000E16C1 /* AppDelegate.swift in Sources */,
				802D210220B2D23D0062EE98 /* SegueFromLeft.swift in Sources */,
				805D5632209DCCCF00ECDF11 /* Page.swift in Sources */,
				80962CA620A35030001A7BE1 /* NewsViewController.swift in Sources */,
				80AA5C7520A45AD60082265E /* NewsCardModel.swift in Sources */,
				80586493209C624E00A61882 /* PageCellCollectionViewCell.swift in Sources */,
			);
			runOnlyForDeploymentPostprocessing = 0;
		};
/* End PBXSourcesBuildPhase section */

/* Begin PBXVariantGroup section */
		80ACC8CB2093635E000E16C1 /* Main.storyboard */ = {
			isa = PBXVariantGroup;
			children = (
				80ACC8CC2093635E000E16C1 /* Base */,
			);
			name = Main.storyboard;
			sourceTree = "<group>";
		};
		80ACC8D020936363000E16C1 /* LaunchScreen.storyboard */ = {
			isa = PBXVariantGroup;
			children = (
				80ACC8D120936363000E16C1 /* Base */,
			);
			name = LaunchScreen.storyboard;
			sourceTree = "<group>";
		};
/* End PBXVariantGroup section */

/* Begin XCBuildConfiguration section */
		80ACC8D420936363000E16C1 /* Debug */ = {
			isa = XCBuildConfiguration;
			buildSettings = {
				ALWAYS_SEARCH_USER_PATHS = NO;
				CLANG_ANALYZER_NONNULL = YES;
				CLANG_ANALYZER_NUMBER_OBJECT_CONVERSION = YES_AGGRESSIVE;
				CLANG_CXX_LANGUAGE_STANDARD = "gnu++14";
				CLANG_CXX_LIBRARY = "libc++";
				CLANG_ENABLE_MODULES = YES;
				CLANG_ENABLE_OBJC_ARC = YES;
				CLANG_ENABLE_OBJC_WEAK = YES;
				CLANG_WARN_BLOCK_CAPTURE_AUTORELEASING = YES;
				CLANG_WARN_BOOL_CONVERSION = YES;
				CLANG_WARN_COMMA = YES;
				CLANG_WARN_CONSTANT_CONVERSION = YES;
				CLANG_WARN_DEPRECATED_OBJC_IMPLEMENTATIONS = YES;
				CLANG_WARN_DIRECT_OBJC_ISA_USAGE = YES_ERROR;
				CLANG_WARN_DOCUMENTATION_COMMENTS = YES;
				CLANG_WARN_EMPTY_BODY = YES;
				CLANG_WARN_ENUM_CONVERSION = YES;
				CLANG_WARN_INFINITE_RECURSION = YES;
				CLANG_WARN_INT_CONVERSION = YES;
				CLANG_WARN_NON_LITERAL_NULL_CONVERSION = YES;
				CLANG_WARN_OBJC_IMPLICIT_RETAIN_SELF = YES;
				CLANG_WARN_OBJC_LITERAL_CONVERSION = YES;
				CLANG_WARN_OBJC_ROOT_CLASS = YES_ERROR;
				CLANG_WARN_RANGE_LOOP_ANALYSIS = YES;
				CLANG_WARN_STRICT_PROTOTYPES = YES;
				CLANG_WARN_SUSPICIOUS_MOVE = YES;
				CLANG_WARN_UNGUARDED_AVAILABILITY = YES_AGGRESSIVE;
				CLANG_WARN_UNREACHABLE_CODE = YES;
				CLANG_WARN__DUPLICATE_METHOD_MATCH = YES;
				CODE_SIGN_IDENTITY = "iPhone Developer";
				COPY_PHASE_STRIP = NO;
				DEBUG_INFORMATION_FORMAT = dwarf;
				ENABLE_STRICT_OBJC_MSGSEND = YES;
				ENABLE_TESTABILITY = YES;
				GCC_C_LANGUAGE_STANDARD = gnu11;
				GCC_DYNAMIC_NO_PIC = NO;
				GCC_NO_COMMON_BLOCKS = YES;
				GCC_OPTIMIZATION_LEVEL = 0;
				GCC_PREPROCESSOR_DEFINITIONS = (
					"DEBUG=1",
					"$(inherited)",
				);
				GCC_WARN_64_TO_32_BIT_CONVERSION = YES;
				GCC_WARN_ABOUT_RETURN_TYPE = YES_ERROR;
				GCC_WARN_UNDECLARED_SELECTOR = YES;
				GCC_WARN_UNINITIALIZED_AUTOS = YES_AGGRESSIVE;
				GCC_WARN_UNUSED_FUNCTION = YES;
				GCC_WARN_UNUSED_VARIABLE = YES;
				IPHONEOS_DEPLOYMENT_TARGET = 11.3;
				MTL_ENABLE_DEBUG_INFO = YES;
				ONLY_ACTIVE_ARCH = YES;
				SDKROOT = iphoneos;
				SWIFT_ACTIVE_COMPILATION_CONDITIONS = DEBUG;
				SWIFT_OPTIMIZATION_LEVEL = "-Onone";
			};
			name = Debug;
		};
		80ACC8D520936363000E16C1 /* Release */ = {
			isa = XCBuildConfiguration;
			buildSettings = {
				ALWAYS_SEARCH_USER_PATHS = NO;
				CLANG_ANALYZER_NONNULL = YES;
				CLANG_ANALYZER_NUMBER_OBJECT_CONVERSION = YES_AGGRESSIVE;
				CLANG_CXX_LANGUAGE_STANDARD = "gnu++14";
				CLANG_CXX_LIBRARY = "libc++";
				CLANG_ENABLE_MODULES = YES;
				CLANG_ENABLE_OBJC_ARC = YES;
				CLANG_ENABLE_OBJC_WEAK = YES;
				CLANG_WARN_BLOCK_CAPTURE_AUTORELEASING = YES;
				CLANG_WARN_BOOL_CONVERSION = YES;
				CLANG_WARN_COMMA = YES;
				CLANG_WARN_CONSTANT_CONVERSION = YES;
				CLANG_WARN_DEPRECATED_OBJC_IMPLEMENTATIONS = YES;
				CLANG_WARN_DIRECT_OBJC_ISA_USAGE = YES_ERROR;
				CLANG_WARN_DOCUMENTATION_COMMENTS = YES;
				CLANG_WARN_EMPTY_BODY = YES;
				CLANG_WARN_ENUM_CONVERSION = YES;
				CLANG_WARN_INFINITE_RECURSION = YES;
				CLANG_WARN_INT_CONVERSION = YES;
				CLANG_WARN_NON_LITERAL_NULL_CONVERSION = YES;
				CLANG_WARN_OBJC_IMPLICIT_RETAIN_SELF = YES;
				CLANG_WARN_OBJC_LITERAL_CONVERSION = YES;
				CLANG_WARN_OBJC_ROOT_CLASS = YES_ERROR;
				CLANG_WARN_RANGE_LOOP_ANALYSIS = YES;
				CLANG_WARN_STRICT_PROTOTYPES = YES;
				CLANG_WARN_SUSPICIOUS_MOVE = YES;
				CLANG_WARN_UNGUARDED_AVAILABILITY = YES_AGGRESSIVE;
				CLANG_WARN_UNREACHABLE_CODE = YES;
				CLANG_WARN__DUPLICATE_METHOD_MATCH = YES;
				CODE_SIGN_IDENTITY = "iPhone Developer";
				COPY_PHASE_STRIP = NO;
				DEBUG_INFORMATION_FORMAT = "dwarf-with-dsym";
				ENABLE_NS_ASSERTIONS = NO;
				ENABLE_STRICT_OBJC_MSGSEND = YES;
				GCC_C_LANGUAGE_STANDARD = gnu11;
				GCC_NO_COMMON_BLOCKS = YES;
				GCC_WARN_64_TO_32_BIT_CONVERSION = YES;
				GCC_WARN_ABOUT_RETURN_TYPE = YES_ERROR;
				GCC_WARN_UNDECLARED_SELECTOR = YES;
				GCC_WARN_UNINITIALIZED_AUTOS = YES_AGGRESSIVE;
				GCC_WARN_UNUSED_FUNCTION = YES;
				GCC_WARN_UNUSED_VARIABLE = YES;
				IPHONEOS_DEPLOYMENT_TARGET = 11.3;
				MTL_ENABLE_DEBUG_INFO = NO;
				SDKROOT = iphoneos;
				SWIFT_COMPILATION_MODE = wholemodule;
				SWIFT_OPTIMIZATION_LEVEL = "-O";
				VALIDATE_PRODUCT = YES;
			};
			name = Release;
		};
		80ACC8D720936363000E16C1 /* Debug */ = {
			isa = XCBuildConfiguration;
			buildSettings = {
				ASSETCATALOG_COMPILER_APPICON_NAME = AppIcon;
				CODE_SIGN_STYLE = Automatic;
				DEVELOPMENT_TEAM = 3QUAK67K8A;
				INFOPLIST_FILE = Tnews/Info.plist;
				LD_RUNPATH_SEARCH_PATHS = (
					"$(inherited)",
					"@executable_path/Frameworks",
				);
				PRODUCT_BUNDLE_IDENTIFIER = BoxLife.Tnews;
				PRODUCT_NAME = "$(TARGET_NAME)";
				SWIFT_VERSION = 4.0;
				TARGETED_DEVICE_FAMILY = 1;
			};
			name = Debug;
		};
		80ACC8D820936363000E16C1 /* Release */ = {
			isa = XCBuildConfiguration;
			buildSettings = {
				ASSETCATALOG_COMPILER_APPICON_NAME = AppIcon;
				CODE_SIGN_STYLE = Automatic;
				DEVELOPMENT_TEAM = 3QUAK67K8A;
				INFOPLIST_FILE = Tnews/Info.plist;
				LD_RUNPATH_SEARCH_PATHS = (
					"$(inherited)",
					"@executable_path/Frameworks",
				);
				PRODUCT_BUNDLE_IDENTIFIER = BoxLife.Tnews;
				PRODUCT_NAME = "$(TARGET_NAME)";
				SWIFT_VERSION = 4.0;
				TARGETED_DEVICE_FAMILY = 1;
			};
			name = Release;
		};
/* End XCBuildConfiguration section */

/* Begin XCConfigurationList section */
		80ACC8BF2093635D000E16C1 /* Build configuration list for PBXProject "Tnews" */ = {
			isa = XCConfigurationList;
			buildConfigurations = (
				80ACC8D420936363000E16C1 /* Debug */,
				80ACC8D520936363000E16C1 /* Release */,
			);
			defaultConfigurationIsVisible = 0;
			defaultConfigurationName = Release;
		};
		80ACC8D620936363000E16C1 /* Build configuration list for PBXNativeTarget "Tnews" */ = {
			isa = XCConfigurationList;
			buildConfigurations = (
				80ACC8D720936363000E16C1 /* Debug */,
				80ACC8D820936363000E16C1 /* Release */,
			);
			defaultConfigurationIsVisible = 0;
			defaultConfigurationName = Release;
		};
/* End XCConfigurationList section */
	};
	rootObject = 80ACC8BC2093635D000E16C1 /* Project object */;
}
